// !$*UTF8*$!
{
	archiveVersion = 1;
	classes = {
	};
	objectVersion = 46;
	objects = {

/* Begin PBXBuildFile section */
		099983B418AF9D4F00D5064C /* HPLastFmMapper_getTopAlbumsForArtist.m in Sources */ = {isa = PBXBuildFile; fileRef = 099983B318AF9D4F00D5064C /* HPLastFmMapper_getTopAlbumsForArtist.m */; };
		099983B718AF9DBC00D5064C /* HPLastFm_TopAlbum.m in Sources */ = {isa = PBXBuildFile; fileRef = 099983B618AF9DBC00D5064C /* HPLastFm_TopAlbum.m */; };
		099983BA18AFA06200D5064C /* HPLastFmMapperPaging.m in Sources */ = {isa = PBXBuildFile; fileRef = 099983B918AFA06200D5064C /* HPLastFmMapperPaging.m */; };
		09BFB50018AB49CA00812C38 /* HPLastFmMapper.m in Sources */ = {isa = PBXBuildFile; fileRef = 09BFB4FF18AB49CA00812C38 /* HPLastFmMapper.m */; };
		09BFB50318AB4BF700812C38 /* HPLastFmMapper_getInfoForArtist.m in Sources */ = {isa = PBXBuildFile; fileRef = 09BFB50218AB4BF700812C38 /* HPLastFmMapper_getInfoForArtist.m */; };
		09BFB51718ACAC0300812C38 /* HPLastFmMapper_getInfoForAlbum.m in Sources */ = {isa = PBXBuildFile; fileRef = 09BFB51618ACAC0300812C38 /* HPLastFmMapper_getInfoForAlbum.m */; };
		09BFB51A18ADF35D00812C38 /* HPLastFm_Event.m in Sources */ = {isa = PBXBuildFile; fileRef = 09BFB51918ADF35D00812C38 /* HPLastFm_Event.m */; };
		09BFB51D18ADFA1700812C38 /* HPLastFmMapper_getEventsForArtist.m in Sources */ = {isa = PBXBuildFile; fileRef = 09BFB51C18ADFA1700812C38 /* HPLastFmMapper_getEventsForArtist.m */; };
		09BFB51F18AE93F300812C38 /* CoreLocation.framework in Frameworks */ = {isa = PBXBuildFile; fileRef = 09BFB51E18AE93F300812C38 /* CoreLocation.framework */; };
		09E48ECD18A0BA2500097D1F /* Foundation.framework in Frameworks */ = {isa = PBXBuildFile; fileRef = 09E48ECC18A0BA2500097D1F /* Foundation.framework */; };
		09E48ED218A0BA2500097D1F /* HPLastFm.h in CopyFiles */ = {isa = PBXBuildFile; fileRef = 09E48ED118A0BA2500097D1F /* HPLastFm.h */; };
		09E48ED418A0BA2500097D1F /* HPLastFm.m in Sources */ = {isa = PBXBuildFile; fileRef = 09E48ED318A0BA2500097D1F /* HPLastFm.m */; };
		09E48EDB18A0BA2500097D1F /* XCTest.framework in Frameworks */ = {isa = PBXBuildFile; fileRef = 09E48EDA18A0BA2500097D1F /* XCTest.framework */; };
		09E48EDC18A0BA2500097D1F /* Foundation.framework in Frameworks */ = {isa = PBXBuildFile; fileRef = 09E48ECC18A0BA2500097D1F /* Foundation.framework */; };
		09E48EDE18A0BA2500097D1F /* UIKit.framework in Frameworks */ = {isa = PBXBuildFile; fileRef = 09E48EDD18A0BA2500097D1F /* UIKit.framework */; };
		09E48EE118A0BA2500097D1F /* libHPLastFm.a in Frameworks */ = {isa = PBXBuildFile; fileRef = 09E48EC918A0BA2500097D1F /* libHPLastFm.a */; };
		09E48EE718A0BA2500097D1F /* InfoPlist.strings in Resources */ = {isa = PBXBuildFile; fileRef = 09E48EE518A0BA2500097D1F /* InfoPlist.strings */; };
		09E48EE918A0BA2500097D1F /* HPLastFmTests.m in Sources */ = {isa = PBXBuildFile; fileRef = 09E48EE818A0BA2500097D1F /* HPLastFmTests.m */; };
		434FD39B2AB2402699448BF4 /* libPods.a in Frameworks */ = {isa = PBXBuildFile; fileRef = 9F635D41C20A4F969045ACD2 /* libPods.a */; };
/* End PBXBuildFile section */

/* Begin PBXContainerItemProxy section */
		09E48EDF18A0BA2500097D1F /* PBXContainerItemProxy */ = {
			isa = PBXContainerItemProxy;
			containerPortal = 09E48EC118A0BA2500097D1F /* Project object */;
			proxyType = 1;
			remoteGlobalIDString = 09E48EC818A0BA2500097D1F;
			remoteInfo = HPLastFm;
		};
/* End PBXContainerItemProxy section */

/* Begin PBXCopyFilesBuildPhase section */
		09E48EC718A0BA2500097D1F /* CopyFiles */ = {
			isa = PBXCopyFilesBuildPhase;
			buildActionMask = 2147483647;
			dstPath = "include/$(PRODUCT_NAME)";
			dstSubfolderSpec = 16;
			files = (
				09E48ED218A0BA2500097D1F /* HPLastFm.h in CopyFiles */,
			);
			runOnlyForDeploymentPostprocessing = 0;
		};
/* End PBXCopyFilesBuildPhase section */

/* Begin PBXFileReference section */
		099983B218AF9D4F00D5064C /* HPLastFmMapper_getTopAlbumsForArtist.h */ = {isa = PBXFileReference; fileEncoding = 4; lastKnownFileType = sourcecode.c.h; path = HPLastFmMapper_getTopAlbumsForArtist.h; sourceTree = "<group>"; };
		099983B318AF9D4F00D5064C /* HPLastFmMapper_getTopAlbumsForArtist.m */ = {isa = PBXFileReference; fileEncoding = 4; lastKnownFileType = sourcecode.c.objc; path = HPLastFmMapper_getTopAlbumsForArtist.m; sourceTree = "<group>"; };
		099983B518AF9DBC00D5064C /* HPLastFm_TopAlbum.h */ = {isa = PBXFileReference; fileEncoding = 4; lastKnownFileType = sourcecode.c.h; path = HPLastFm_TopAlbum.h; sourceTree = "<group>"; };
		099983B618AF9DBC00D5064C /* HPLastFm_TopAlbum.m */ = {isa = PBXFileReference; fileEncoding = 4; lastKnownFileType = sourcecode.c.objc; path = HPLastFm_TopAlbum.m; sourceTree = "<group>"; };
		099983B818AFA06200D5064C /* HPLastFmMapperPaging.h */ = {isa = PBXFileReference; fileEncoding = 4; lastKnownFileType = sourcecode.c.h; path = HPLastFmMapperPaging.h; sourceTree = "<group>"; };
		099983B918AFA06200D5064C /* HPLastFmMapperPaging.m */ = {isa = PBXFileReference; fileEncoding = 4; lastKnownFileType = sourcecode.c.objc; path = HPLastFmMapperPaging.m; sourceTree = "<group>"; };
		09B3702018A58A860005B16E /* HPLastFm.podspec */ = {isa = PBXFileReference; fileEncoding = 4; lastKnownFileType = text; path = HPLastFm.podspec; sourceTree = "<group>"; };
		09BFB4FE18AB49CA00812C38 /* HPLastFmMapper.h */ = {isa = PBXFileReference; fileEncoding = 4; lastKnownFileType = sourcecode.c.h; path = HPLastFmMapper.h; sourceTree = "<group>"; };
		09BFB4FF18AB49CA00812C38 /* HPLastFmMapper.m */ = {isa = PBXFileReference; fileEncoding = 4; lastKnownFileType = sourcecode.c.objc; path = HPLastFmMapper.m; sourceTree = "<group>"; };
		09BFB50118AB4BF700812C38 /* HPLastFmMapper_getInfoForArtist.h */ = {isa = PBXFileReference; fileEncoding = 4; lastKnownFileType = sourcecode.c.h; path = HPLastFmMapper_getInfoForArtist.h; sourceTree = "<group>"; };
		09BFB50218AB4BF700812C38 /* HPLastFmMapper_getInfoForArtist.m */ = {isa = PBXFileReference; fileEncoding = 4; lastKnownFileType = sourcecode.c.objc; path = HPLastFmMapper_getInfoForArtist.m; sourceTree = "<group>"; };
		09BFB51518ACAC0300812C38 /* HPLastFmMapper_getInfoForAlbum.h */ = {isa = PBXFileReference; fileEncoding = 4; lastKnownFileType = sourcecode.c.h; path = HPLastFmMapper_getInfoForAlbum.h; sourceTree = "<group>"; };
		09BFB51618ACAC0300812C38 /* HPLastFmMapper_getInfoForAlbum.m */ = {isa = PBXFileReference; fileEncoding = 4; lastKnownFileType = sourcecode.c.objc; path = HPLastFmMapper_getInfoForAlbum.m; sourceTree = "<group>"; };
		09BFB51818ADF35D00812C38 /* HPLastFm_Event.h */ = {isa = PBXFileReference; fileEncoding = 4; lastKnownFileType = sourcecode.c.h; path = HPLastFm_Event.h; sourceTree = "<group>"; };
		09BFB51918ADF35D00812C38 /* HPLastFm_Event.m */ = {isa = PBXFileReference; fileEncoding = 4; lastKnownFileType = sourcecode.c.objc; path = HPLastFm_Event.m; sourceTree = "<group>"; };
		09BFB51B18ADFA1700812C38 /* HPLastFmMapper_getEventsForArtist.h */ = {isa = PBXFileReference; fileEncoding = 4; lastKnownFileType = sourcecode.c.h; path = HPLastFmMapper_getEventsForArtist.h; sourceTree = "<group>"; };
		09BFB51C18ADFA1700812C38 /* HPLastFmMapper_getEventsForArtist.m */ = {isa = PBXFileReference; fileEncoding = 4; lastKnownFileType = sourcecode.c.objc; path = HPLastFmMapper_getEventsForArtist.m; sourceTree = "<group>"; };
		09BFB51E18AE93F300812C38 /* CoreLocation.framework */ = {isa = PBXFileReference; lastKnownFileType = wrapper.framework; name = CoreLocation.framework; path = System/Library/Frameworks/CoreLocation.framework; sourceTree = SDKROOT; };
		09E48EC918A0BA2500097D1F /* libHPLastFm.a */ = {isa = PBXFileReference; explicitFileType = archive.ar; includeInIndex = 0; path = libHPLastFm.a; sourceTree = BUILT_PRODUCTS_DIR; };
		09E48ECC18A0BA2500097D1F /* Foundation.framework */ = {isa = PBXFileReference; lastKnownFileType = wrapper.framework; name = Foundation.framework; path = System/Library/Frameworks/Foundation.framework; sourceTree = SDKROOT; };
		09E48ED018A0BA2500097D1F /* HPLastFm-Prefix.pch */ = {isa = PBXFileReference; lastKnownFileType = sourcecode.c.h; path = "HPLastFm-Prefix.pch"; sourceTree = "<group>"; };
		09E48ED118A0BA2500097D1F /* HPLastFm.h */ = {isa = PBXFileReference; lastKnownFileType = sourcecode.c.h; path = HPLastFm.h; sourceTree = "<group>"; };
		09E48ED318A0BA2500097D1F /* HPLastFm.m */ = {isa = PBXFileReference; lastKnownFileType = sourcecode.c.objc; path = HPLastFm.m; sourceTree = "<group>"; };
		09E48ED918A0BA2500097D1F /* HPLastFmTests.xctest */ = {isa = PBXFileReference; explicitFileType = wrapper.cfbundle; includeInIndex = 0; path = HPLastFmTests.xctest; sourceTree = BUILT_PRODUCTS_DIR; };
		09E48EDA18A0BA2500097D1F /* XCTest.framework */ = {isa = PBXFileReference; lastKnownFileType = wrapper.framework; name = XCTest.framework; path = Library/Frameworks/XCTest.framework; sourceTree = DEVELOPER_DIR; };
		09E48EDD18A0BA2500097D1F /* UIKit.framework */ = {isa = PBXFileReference; lastKnownFileType = wrapper.framework; name = UIKit.framework; path = Library/Frameworks/UIKit.framework; sourceTree = DEVELOPER_DIR; };
		09E48EE418A0BA2500097D1F /* HPLastFmTests-Info.plist */ = {isa = PBXFileReference; lastKnownFileType = text.plist.xml; path = "HPLastFmTests-Info.plist"; sourceTree = "<group>"; };
		09E48EE618A0BA2500097D1F /* en */ = {isa = PBXFileReference; lastKnownFileType = text.plist.strings; name = en; path = en.lproj/InfoPlist.strings; sourceTree = "<group>"; };
		09E48EE818A0BA2500097D1F /* HPLastFmTests.m */ = {isa = PBXFileReference; lastKnownFileType = sourcecode.c.objc; path = HPLastFmTests.m; sourceTree = "<group>"; };
		83F7D57F7F5F4BE09448EA40 /* Pods.xcconfig */ = {isa = PBXFileReference; includeInIndex = 1; lastKnownFileType = text.xcconfig; name = Pods.xcconfig; path = Pods/Pods.xcconfig; sourceTree = "<group>"; };
		9F635D41C20A4F969045ACD2 /* libPods.a */ = {isa = PBXFileReference; explicitFileType = archive.ar; includeInIndex = 0; path = libPods.a; sourceTree = BUILT_PRODUCTS_DIR; };
/* End PBXFileReference section */

/* Begin PBXFrameworksBuildPhase section */
		09E48EC618A0BA2500097D1F /* Frameworks */ = {
			isa = PBXFrameworksBuildPhase;
			buildActionMask = 2147483647;
			files = (
				09E48ECD18A0BA2500097D1F /* Foundation.framework in Frameworks */,
				434FD39B2AB2402699448BF4 /* libPods.a in Frameworks */,
			);
			runOnlyForDeploymentPostprocessing = 0;
		};
		09E48ED618A0BA2500097D1F /* Frameworks */ = {
			isa = PBXFrameworksBuildPhase;
			buildActionMask = 2147483647;
			files = (
				09BFB51F18AE93F300812C38 /* CoreLocation.framework in Frameworks */,
				09E48EDB18A0BA2500097D1F /* XCTest.framework in Frameworks */,
				09E48EDE18A0BA2500097D1F /* UIKit.framework in Frameworks */,
				09E48EE118A0BA2500097D1F /* libHPLastFm.a in Frameworks */,
				09E48EDC18A0BA2500097D1F /* Foundation.framework in Frameworks */,
			);
			runOnlyForDeploymentPostprocessing = 0;
		};
/* End PBXFrameworksBuildPhase section */

/* Begin PBXGroup section */
		09E48EC018A0BA2500097D1F = {
			isa = PBXGroup;
			children = (
				09B3702018A58A860005B16E /* HPLastFm.podspec */,
				09E48ECE18A0BA2500097D1F /* HPLastFm */,
				09E48EE218A0BA2500097D1F /* HPLastFmTests */,
				09E48ECB18A0BA2500097D1F /* Frameworks */,
				09E48ECA18A0BA2500097D1F /* Products */,
				83F7D57F7F5F4BE09448EA40 /* Pods.xcconfig */,
			);
			sourceTree = "<group>";
		};
		09E48ECA18A0BA2500097D1F /* Products */ = {
			isa = PBXGroup;
			children = (
				09E48EC918A0BA2500097D1F /* libHPLastFm.a */,
				09E48ED918A0BA2500097D1F /* HPLastFmTests.xctest */,
			);
			name = Products;
			sourceTree = "<group>";
		};
		09E48ECB18A0BA2500097D1F /* Frameworks */ = {
			isa = PBXGroup;
			children = (
				09BFB51E18AE93F300812C38 /* CoreLocation.framework */,
				09E48ECC18A0BA2500097D1F /* Foundation.framework */,
				09E48EDA18A0BA2500097D1F /* XCTest.framework */,
				09E48EDD18A0BA2500097D1F /* UIKit.framework */,
				9F635D41C20A4F969045ACD2 /* libPods.a */,
			);
			name = Frameworks;
			sourceTree = "<group>";
		};
		09E48ECE18A0BA2500097D1F /* HPLastFm */ = {
			isa = PBXGroup;
			children = (
				09E48ED118A0BA2500097D1F /* HPLastFm.h */,
				09E48ED318A0BA2500097D1F /* HPLastFm.m */,
				09BFB51818ADF35D00812C38 /* HPLastFm_Event.h */,
				09BFB51918ADF35D00812C38 /* HPLastFm_Event.m */,
				099983B518AF9DBC00D5064C /* HPLastFm_TopAlbum.h */,
				099983B618AF9DBC00D5064C /* HPLastFm_TopAlbum.m */,
				09BFB4FE18AB49CA00812C38 /* HPLastFmMapper.h */,
				09BFB4FF18AB49CA00812C38 /* HPLastFmMapper.m */,
				09BFB51B18ADFA1700812C38 /* HPLastFmMapper_getEventsForArtist.h */,
				09BFB51C18ADFA1700812C38 /* HPLastFmMapper_getEventsForArtist.m */,
				09BFB51518ACAC0300812C38 /* HPLastFmMapper_getInfoForAlbum.h */,
				09BFB51618ACAC0300812C38 /* HPLastFmMapper_getInfoForAlbum.m */,
				09BFB50118AB4BF700812C38 /* HPLastFmMapper_getInfoForArtist.h */,
				09BFB50218AB4BF700812C38 /* HPLastFmMapper_getInfoForArtist.m */,
				099983B218AF9D4F00D5064C /* HPLastFmMapper_getTopAlbumsForArtist.h */,
				099983B318AF9D4F00D5064C /* HPLastFmMapper_getTopAlbumsForArtist.m */,
				099983B818AFA06200D5064C /* HPLastFmMapperPaging.h */,
				099983B918AFA06200D5064C /* HPLastFmMapperPaging.m */,
				09E48ECF18A0BA2500097D1F /* Supporting Files */,
			);
			path = HPLastFm;
			sourceTree = "<group>";
		};
		09E48ECF18A0BA2500097D1F /* Supporting Files */ = {
			isa = PBXGroup;
			children = (
				09E48ED018A0BA2500097D1F /* HPLastFm-Prefix.pch */,
			);
			name = "Supporting Files";
			sourceTree = "<group>";
		};
		09E48EE218A0BA2500097D1F /* HPLastFmTests */ = {
			isa = PBXGroup;
			children = (
				09E48EE818A0BA2500097D1F /* HPLastFmTests.m */,
				09E48EE318A0BA2500097D1F /* Supporting Files */,
			);
			path = HPLastFmTests;
			sourceTree = "<group>";
		};
		09E48EE318A0BA2500097D1F /* Supporting Files */ = {
			isa = PBXGroup;
			children = (
				09E48EE418A0BA2500097D1F /* HPLastFmTests-Info.plist */,
				09E48EE518A0BA2500097D1F /* InfoPlist.strings */,
			);
			name = "Supporting Files";
			sourceTree = "<group>";
		};
/* End PBXGroup section */

/* Begin PBXNativeTarget section */
		09E48EC818A0BA2500097D1F /* HPLastFm */ = {
			isa = PBXNativeTarget;
			buildConfigurationList = 09E48EEC18A0BA2500097D1F /* Build configuration list for PBXNativeTarget "HPLastFm" */;
			buildPhases = (
				87B6804B061245878A910F54 /* Check Pods Manifest.lock */,
				09E48EC518A0BA2500097D1F /* Sources */,
				09E48EC618A0BA2500097D1F /* Frameworks */,
				09E48EC718A0BA2500097D1F /* CopyFiles */,
				CA7123791C9E4143B6CCA1D0 /* Copy Pods Resources */,
			);
			buildRules = (
			);
			dependencies = (
			);
			name = HPLastFm;
			productName = HPLastFm;
			productReference = 09E48EC918A0BA2500097D1F /* libHPLastFm.a */;
			productType = "com.apple.product-type.library.static";
		};
		09E48ED818A0BA2500097D1F /* HPLastFmTests */ = {
			isa = PBXNativeTarget;
			buildConfigurationList = 09E48EEF18A0BA2500097D1F /* Build configuration list for PBXNativeTarget "HPLastFmTests" */;
			buildPhases = (
				09E48ED518A0BA2500097D1F /* Sources */,
				09E48ED618A0BA2500097D1F /* Frameworks */,
				09E48ED718A0BA2500097D1F /* Resources */,
			);
			buildRules = (
			);
			dependencies = (
				09E48EE018A0BA2500097D1F /* PBXTargetDependency */,
			);
			name = HPLastFmTests;
			productName = HPLastFmTests;
			productReference = 09E48ED918A0BA2500097D1F /* HPLastFmTests.xctest */;
			productType = "com.apple.product-type.bundle.unit-test";
		};
/* End PBXNativeTarget section */

/* Begin PBXProject section */
		09E48EC118A0BA2500097D1F /* Project object */ = {
			isa = PBXProject;
			attributes = {
				LastUpgradeCheck = 0500;
				ORGANIZATIONNAME = "Hervé PEROTEAU";
			};
			buildConfigurationList = 09E48EC418A0BA2500097D1F /* Build configuration list for PBXProject "HPLastFm" */;
			compatibilityVersion = "Xcode 3.2";
			developmentRegion = English;
			hasScannedForEncodings = 0;
			knownRegions = (
				en,
			);
			mainGroup = 09E48EC018A0BA2500097D1F;
			productRefGroup = 09E48ECA18A0BA2500097D1F /* Products */;
			projectDirPath = "";
			projectRoot = "";
			targets = (
				09E48EC818A0BA2500097D1F /* HPLastFm */,
				09E48ED818A0BA2500097D1F /* HPLastFmTests */,
			);
		};
/* End PBXProject section */

/* Begin PBXResourcesBuildPhase section */
		09E48ED718A0BA2500097D1F /* Resources */ = {
			isa = PBXResourcesBuildPhase;
			buildActionMask = 2147483647;
			files = (
				09E48EE718A0BA2500097D1F /* InfoPlist.strings in Resources */,
			);
			runOnlyForDeploymentPostprocessing = 0;
		};
/* End PBXResourcesBuildPhase section */

/* Begin PBXShellScriptBuildPhase section */
		87B6804B061245878A910F54 /* Check Pods Manifest.lock */ = {
			isa = PBXShellScriptBuildPhase;
			buildActionMask = 2147483647;
			files = (
			);
			inputPaths = (
			);
			name = "Check Pods Manifest.lock";
			outputPaths = (
			);
			runOnlyForDeploymentPostprocessing = 0;
			shellPath = /bin/sh;
			shellScript = "diff \"${PODS_ROOT}/../Podfile.lock\" \"${PODS_ROOT}/Manifest.lock\" > /dev/null\nif [[ $? != 0 ]] ; then\n    cat << EOM\nerror: The sandbox is not in sync with the Podfile.lock. Run 'pod install' or update your CocoaPods installation.\nEOM\n    exit 1\nfi\n";
			showEnvVarsInLog = 0;
		};
		CA7123791C9E4143B6CCA1D0 /* Copy Pods Resources */ = {
			isa = PBXShellScriptBuildPhase;
			buildActionMask = 2147483647;
			files = (
			);
			inputPaths = (
			);
			name = "Copy Pods Resources";
			outputPaths = (
			);
			runOnlyForDeploymentPostprocessing = 0;
			shellPath = /bin/sh;
			shellScript = "\"${SRCROOT}/Pods/Pods-resources.sh\"\n";
			showEnvVarsInLog = 0;
		};
/* End PBXShellScriptBuildPhase section */

/* Begin PBXSourcesBuildPhase section */
		09E48EC518A0BA2500097D1F /* Sources */ = {
			isa = PBXSourcesBuildPhase;
			buildActionMask = 2147483647;
			files = (
				099983B418AF9D4F00D5064C /* HPLastFmMapper_getTopAlbumsForArtist.m in Sources */,
				09BFB51718ACAC0300812C38 /* HPLastFmMapper_getInfoForAlbum.m in Sources */,
				099983B718AF9DBC00D5064C /* HPLastFm_TopAlbum.m in Sources */,
				09BFB50018AB49CA00812C38 /* HPLastFmMapper.m in Sources */,
				09E48ED418A0BA2500097D1F /* HPLastFm.m in Sources */,
				099983BA18AFA06200D5064C /* HPLastFmMapperPaging.m in Sources */,
				09BFB50318AB4BF700812C38 /* HPLastFmMapper_getInfoForArtist.m in Sources */,
				09BFB51D18ADFA1700812C38 /* HPLastFmMapper_getEventsForArtist.m in Sources */,
				09BFB51A18ADF35D00812C38 /* HPLastFm_Event.m in Sources */,
			);
			runOnlyForDeploymentPostprocessing = 0;
		};
		09E48ED518A0BA2500097D1F /* Sources */ = {
			isa = PBXSourcesBuildPhase;
			buildActionMask = 2147483647;
			files = (
				09E48EE918A0BA2500097D1F /* HPLastFmTests.m in Sources */,
			);
			runOnlyForDeploymentPostprocessing = 0;
		};
/* End PBXSourcesBuildPhase section */

/* Begin PBXTargetDependency section */
		09E48EE018A0BA2500097D1F /* PBXTargetDependency */ = {
			isa = PBXTargetDependency;
			target = 09E48EC818A0BA2500097D1F /* HPLastFm */;
			targetProxy = 09E48EDF18A0BA2500097D1F /* PBXContainerItemProxy */;
		};
/* End PBXTargetDependency section */

/* Begin PBXVariantGroup section */
		09E48EE518A0BA2500097D1F /* InfoPlist.strings */ = {
			isa = PBXVariantGroup;
			children = (
				09E48EE618A0BA2500097D1F /* en */,
			);
			name = InfoPlist.strings;
			sourceTree = "<group>";
		};
/* End PBXVariantGroup section */

/* Begin XCBuildConfiguration section */
		09E48EEA18A0BA2500097D1F /* Debug */ = {
			isa = XCBuildConfiguration;
			buildSettings = {
				ALWAYS_SEARCH_USER_PATHS = NO;
				ARCHS = "$(ARCHS_STANDARD_INCLUDING_64_BIT)";
				CLANG_CXX_LANGUAGE_STANDARD = "gnu++0x";
				CLANG_CXX_LIBRARY = "libc++";
				CLANG_ENABLE_MODULES = YES;
				CLANG_ENABLE_OBJC_ARC = YES;
				CLANG_WARN_BOOL_CONVERSION = YES;
				CLANG_WARN_CONSTANT_CONVERSION = YES;
				CLANG_WARN_DIRECT_OBJC_ISA_USAGE = YES_ERROR;
				CLANG_WARN_EMPTY_BODY = YES;
				CLANG_WARN_ENUM_CONVERSION = YES;
				CLANG_WARN_INT_CONVERSION = YES;
				CLANG_WARN_OBJC_ROOT_CLASS = YES_ERROR;
				CLANG_WARN__DUPLICATE_METHOD_MATCH = YES;
				COPY_PHASE_STRIP = NO;
				GCC_C_LANGUAGE_STANDARD = gnu99;
				GCC_DYNAMIC_NO_PIC = NO;
				GCC_OPTIMIZATION_LEVEL = 0;
				GCC_PREPROCESSOR_DEFINITIONS = (
					"DEBUG=1",
					"$(inherited)",
				);
				GCC_SYMBOLS_PRIVATE_EXTERN = NO;
				GCC_WARN_64_TO_32_BIT_CONVERSION = YES;
				GCC_WARN_ABOUT_RETURN_TYPE = YES_ERROR;
				GCC_WARN_UNDECLARED_SELECTOR = YES;
				GCC_WARN_UNINITIALIZED_AUTOS = YES;
				GCC_WARN_UNUSED_FUNCTION = YES;
				GCC_WARN_UNUSED_VARIABLE = YES;
				IPHONEOS_DEPLOYMENT_TARGET = 7.0;
				ONLY_ACTIVE_ARCH = YES;
				SDKROOT = iphoneos;
			};
			name = Debug;
		};
		09E48EEB18A0BA2500097D1F /* Release */ = {
			isa = XCBuildConfiguration;
			buildSettings = {
				ALWAYS_SEARCH_USER_PATHS = NO;
				ARCHS = "$(ARCHS_STANDARD_INCLUDING_64_BIT)";
				CLANG_CXX_LANGUAGE_STANDARD = "gnu++0x";
				CLANG_CXX_LIBRARY = "libc++";
				CLANG_ENABLE_MODULES = YES;
				CLANG_ENABLE_OBJC_ARC = YES;
				CLANG_WARN_BOOL_CONVERSION = YES;
				CLANG_WARN_CONSTANT_CONVERSION = YES;
				CLANG_WARN_DIRECT_OBJC_ISA_USAGE = YES_ERROR;
				CLANG_WARN_EMPTY_BODY = YES;
				CLANG_WARN_ENUM_CONVERSION = YES;
				CLANG_WARN_INT_CONVERSION = YES;
				CLANG_WARN_OBJC_ROOT_CLASS = YES_ERROR;
				CLANG_WARN__DUPLICATE_METHOD_MATCH = YES;
				COPY_PHASE_STRIP = YES;
				ENABLE_NS_ASSERTIONS = NO;
				GCC_C_LANGUAGE_STANDARD = gnu99;
				GCC_WARN_64_TO_32_BIT_CONVERSION = YES;
				GCC_WARN_ABOUT_RETURN_TYPE = YES_ERROR;
				GCC_WARN_UNDECLARED_SELECTOR = YES;
				GCC_WARN_UNINITIALIZED_AUTOS = YES;
				GCC_WARN_UNUSED_FUNCTION = YES;
				GCC_WARN_UNUSED_VARIABLE = YES;
				IPHONEOS_DEPLOYMENT_TARGET = 7.0;
				SDKROOT = iphoneos;
				VALIDATE_PRODUCT = YES;
			};
			name = Release;
		};
		09E48EED18A0BA2500097D1F /* Debug */ = {
			isa = XCBuildConfiguration;
			baseConfigurationReference = 83F7D57F7F5F4BE09448EA40 /* Pods.xcconfig */;
			buildSettings = {
				DSTROOT = /tmp/HPLastFm.dst;
				GCC_PRECOMPILE_PREFIX_HEADER = YES;
				GCC_PREFIX_HEADER = "HPLastFm/HPLastFm-Prefix.pch";
				OTHER_LDFLAGS = "-ObjC";
				PRODUCT_NAME = "$(TARGET_NAME)";
				SKIP_INSTALL = YES;
			};
			name = Debug;
		};
		09E48EEE18A0BA2500097D1F /* Release */ = {
			isa = XCBuildConfiguration;
			baseConfigurationReference = 83F7D57F7F5F4BE09448EA40 /* Pods.xcconfig */;
			buildSettings = {
				DSTROOT = /tmp/HPLastFm.dst;
				GCC_PRECOMPILE_PREFIX_HEADER = YES;
				GCC_PREFIX_HEADER = "HPLastFm/HPLastFm-Prefix.pch";
				OTHER_LDFLAGS = "-ObjC";
				PRODUCT_NAME = "$(TARGET_NAME)";
				SKIP_INSTALL = YES;
			};
			name = Release;
		};
		09E48EF018A0BA2500097D1F /* Debug */ = {
			isa = XCBuildConfiguration;
			buildSettings = {
				ARCHS = "$(ARCHS_STANDARD_INCLUDING_64_BIT)";
				FRAMEWORK_SEARCH_PATHS = (
					"$(SDKROOT)/Developer/Library/Frameworks",
					"$(inherited)",
					"$(DEVELOPER_FRAMEWORKS_DIR)",
				);
				GCC_PRECOMPILE_PREFIX_HEADER = YES;
				GCC_PREFIX_HEADER = "HPLastFm/HPLastFm-Prefix.pch";
				GCC_PREPROCESSOR_DEFINITIONS = (
					"DEBUG=1",
					"$(inherited)",
				);
				INFOPLIST_FILE = "HPLastFmTests/HPLastFmTests-Info.plist";
				OTHER_LDFLAGS = (
					"$(inherited)",
					"-framework",
					XCTest,
					"-ObjC",
				);
				PRODUCT_NAME = "$(TARGET_NAME)";
				WRAPPER_EXTENSION = xctest;
			};
			name = Debug;
		};
		09E48EF118A0BA2500097D1F /* Release */ = {
			isa = XCBuildConfiguration;
			buildSettings = {
				ARCHS = "$(ARCHS_STANDARD_INCLUDING_64_BIT)";
				FRAMEWORK_SEARCH_PATHS = (
					"$(SDKROOT)/Developer/Library/Frameworks",
					"$(inherited)",
					"$(DEVELOPER_FRAMEWORKS_DIR)",
				);
				GCC_PRECOMPILE_PREFIX_HEADER = YES;
				GCC_PREFIX_HEADER = "HPLastFm/HPLastFm-Prefix.pch";
				INFOPLIST_FILE = "HPLastFmTests/HPLastFmTests-Info.plist";
				OTHER_LDFLAGS = (
					"$(inherited)",
					"-framework",
					XCTest,
					"-ObjC",
				);
				PRODUCT_NAME = "$(TARGET_NAME)";
				WRAPPER_EXTENSION = xctest;
			};
			name = Release;
		};
/* End XCBuildConfiguration section */

/* Begin XCConfigurationList section */
		09E48EC418A0BA2500097D1F /* Build configuration list for PBXProject "HPLastFm" */ = {
			isa = XCConfigurationList;
			buildConfigurations = (
				09E48EEA18A0BA2500097D1F /* Debug */,
				09E48EEB18A0BA2500097D1F /* Release */,
			);
			defaultConfigurationIsVisible = 0;
			defaultConfigurationName = Release;
		};
		09E48EEC18A0BA2500097D1F /* Build configuration list for PBXNativeTarget "HPLastFm" */ = {
			isa = XCConfigurationList;
			buildConfigurations = (
				09E48EED18A0BA2500097D1F /* Debug */,
				09E48EEE18A0BA2500097D1F /* Release */,
			);
			defaultConfigurationIsVisible = 0;
			defaultConfigurationName = Release;
		};
		09E48EEF18A0BA2500097D1F /* Build configuration list for PBXNativeTarget "HPLastFmTests" */ = {
			isa = XCConfigurationList;
			buildConfigurations = (
				09E48EF018A0BA2500097D1F /* Debug */,
				09E48EF118A0BA2500097D1F /* Release */,
			);
			defaultConfigurationIsVisible = 0;
			defaultConfigurationName = Release;
		};
/* End XCConfigurationList section */
	};
	rootObject = 09E48EC118A0BA2500097D1F /* Project object */;
}
